# This file is autogenerated, do not edit; changes may be undone by the next 'dep ensure'.


[[projects]]
  branch = "master"
  name = "github.com/gxed/GoEndian"
  packages = ["."]
  revision = "0f5c6873267e5abf306ffcdfcfa4bf77517ef4a7"

[[projects]]
  branch = "master"
  name = "github.com/gxed/eventfd"
  packages = ["."]
  revision = "80a92cca79a8041496ccc9dd773fcb52a57ec6f9"

[[projects]]
  branch = "master"
  name = "github.com/ipfs/go-log"
  packages = ["."]
  revision = "0e2a17b81af445147a78d94a45d4398c4008c219"

[[projects]]
  branch = "master"
  name = "github.com/libp2p/go-reuseport"
  packages = [
    ".",
    "poll",
    "singlepoll"
  ]
  revision = "99b8511da09c3f00966861e1ed210e808c568112"

[[projects]]
  branch = "master"
  name = "github.com/libp2p/go-sockaddr"
  packages = ["net"]
  revision = "09ae606455f81dc795c406a93b35993fcfc3a912"

[[projects]]
  name = "github.com/opentracing/opentracing-go"
  packages = [
    ".",
    "ext",
    "log"
  ]
  revision = "1949ddbfd147afd4d964a9f00b24eb291e0e7c38"
  version = "v1.0.2"

[[projects]]
  branch = "master"
  name = "github.com/whyrusleeping/go-logging"
  packages = ["."]
  revision = "0457bb6b88fc1973573aaf6b5145d8d3ae972390"

[[projects]]
  branch = "master"
  name = "golang.org/x/net"
  packages = ["context"]
  revision = "ae89d30ce0c63142b652837da33d782e2b0a9b25"

[[projects]]
  branch = "master"
  name = "golang.org/x/sys"
  packages = [
    "unix",
    "windows"
  ]
  revision = "7dca6fe1f43775aa6d1334576870ff63f978f539"

[solve-meta]
  analyzer-name = "dep"
  analyzer-version = 1
  inputs-digest = "22259091bcd5d7146f282c758f6c17a23b10b4b772108026da298051426ad5a0"
  solver-name = "gps-cdcl"
  solver-version = 1
